
Microsoft Visual Studio Solution File, Format Version 12.00
# Visual Studio 15
VisualStudioVersion = 15.0.28010.2050
MinimumVisualStudioVersion = 10.0.40219.1
Project("{8BC9CEB8-8B4A-11D0-8D11-00A0C91BC942}") = "SAADP-UI", "SAADP-UI\SAADP-UI.vcxproj", "{0806202E-359A-3C36-80AC-4D9AFB4E532F}"
EndProject
Project("{8BC9CEB8-8B4A-11D0-8D11-00A0C91BC942}") = "Types", "Types\Types.vcxproj", "{03A4CE52-0D71-47B0-B251-8EF929E66B00}"
EndProject
Project("{8BC9CEB8-8B4A-11D0-8D11-00A0C91BC942}") = "PassagePublisher", "PassagePublisher\PassagePublisher.vcxproj", "{B5CE5FE7-E060-4751-ABEF-1A860384BF2E}"
EndProject
Project("{8BC9CEB8-8B4A-11D0-8D11-00A0C91BC942}") = "Implement", "Implement\Implement.vcxproj", "{DBBA2CD1-F7BB-4357-A772-C8D35936F432}"
EndProject
Project("{8BC9CEB8-8B4A-11D0-8D11-00A0C91BC942}") = "PassageBoard", "PassageBoard\PassageBoard.vcxproj", "{1744D923-382C-4BA1-B19E-F7AF44B9E00E}"
EndProject
Global
	GlobalSection(SolutionConfigurationPlatforms) = preSolution
		Debug|x64 = Debug|x64
		Debug|x86 = Debug|x86
		Release|x64 = Release|x64
		Release|x86 = Release|x86
	EndGlobalSection
	GlobalSection(ProjectConfigurationPlatforms) = postSolution
		{0806202E-359A-3C36-80AC-4D9AFB4E532F}.Debug|x64.ActiveCfg = Debug|x64
		{0806202E-359A-3C36-80AC-4D9AFB4E532F}.Debug|x64.Build.0 = Debug|x64
		{0806202E-359A-3C36-80AC-4D9AFB4E532F}.Debug|x86.ActiveCfg = Debug|x64
		{0806202E-359A-3C36-80AC-4D9AFB4E532F}.Release|x64.ActiveCfg = Release|x64
		{0806202E-359A-3C36-80AC-4D9AFB4E532F}.Release|x64.Build.0 = Release|x64
		{0806202E-359A-3C36-80AC-4D9AFB4E532F}.Release|x86.ActiveCfg = Release|x64
		{03A4CE52-0D71-47B0-B251-8EF929E66B00}.Debug|x64.ActiveCfg = Debug|x64
		{03A4CE52-0D71-47B0-B251-8EF929E66B00}.Debug|x64.Build.0 = Debug|x64
		{03A4CE52-0D71-47B0-B251-8EF929E66B00}.Debug|x86.ActiveCfg = Debug|Win32
		{03A4CE52-0D71-47B0-B251-8EF929E66B00}.Debug|x86.Build.0 = Debug|Win32
		{03A4CE52-0D71-47B0-B251-8EF929E66B00}.Release|x64.ActiveCfg = Release|x64
		{03A4CE52-0D71-47B0-B251-8EF929E66B00}.Release|x64.Build.0 = Release|x64
		{03A4CE52-0D71-47B0-B251-8EF929E66B00}.Release|x86.ActiveCfg = Release|Win32
		{03A4CE52-0D71-47B0-B251-8EF929E66B00}.Release|x86.Build.0 = Release|Win32
		{B5CE5FE7-E060-4751-ABEF-1A860384BF2E}.Debug|x64.ActiveCfg = Debug|x64
		{B5CE5FE7-E060-4751-ABEF-1A860384BF2E}.Debug|x64.Build.0 = Debug|x64
		{B5CE5FE7-E060-4751-ABEF-1A860384BF2E}.Debug|x86.ActiveCfg = Debug|Win32
		{B5CE5FE7-E060-4751-ABEF-1A860384BF2E}.Debug|x86.Build.0 = Debug|Win32
		{B5CE5FE7-E060-4751-ABEF-1A860384BF2E}.Release|x64.ActiveCfg = Release|x64
		{B5CE5FE7-E060-4751-ABEF-1A860384BF2E}.Release|x64.Build.0 = Release|x64
		{B5CE5FE7-E060-4751-ABEF-1A860384BF2E}.Release|x86.ActiveCfg = Release|Win32
		{B5CE5FE7-E060-4751-ABEF-1A860384BF2E}.Release|x86.Build.0 = Release|Win32
		{DBBA2CD1-F7BB-4357-A772-C8D35936F432}.Debug|x64.ActiveCfg = Debug|x64
		{DBBA2CD1-F7BB-4357-A772-C8D35936F432}.Debug|x64.Build.0 = Debug|x64
		{DBBA2CD1-F7BB-4357-A772-C8D35936F432}.Debug|x86.ActiveCfg = Debug|Win32
		{DBBA2CD1-F7BB-4357-A772-C8D35936F432}.Debug|x86.Build.0 = Debug|Win32
		{DBBA2CD1-F7BB-4357-A772-C8D35936F432}.Release|x64.ActiveCfg = Release|x64
		{DBBA2CD1-F7BB-4357-A772-C8D35936F432}.Release|x64.Build.0 = Release|x64
		{DBBA2CD1-F7BB-4357-A772-C8D35936F432}.Release|x86.ActiveCfg = Release|Win32
		{DBBA2CD1-F7BB-4357-A772-C8D35936F432}.Release|x86.Build.0 = Release|Win32
		{1744D923-382C-4BA1-B19E-F7AF44B9E00E}.Debug|x64.ActiveCfg = Debug|x64
		{1744D923-382C-4BA1-B19E-F7AF44B9E00E}.Debug|x64.Build.0 = Debug|x64
		{1744D923-382C-4BA1-B19E-F7AF44B9E00E}.Debug|x86.ActiveCfg = Debug|Win32
		{1744D923-382C-4BA1-B19E-F7AF44B9E00E}.Debug|x86.Build.0 = Debug|Win32
		{1744D923-382C-4BA1-B19E-F7AF44B9E00E}.Release|x64.ActiveCfg = Release|x64
		{1744D923-382C-4BA1-B19E-F7AF44B9E00E}.Release|x64.Build.0 = Release|x64
		{1744D923-382C-4BA1-B19E-F7AF44B9E00E}.Release|x86.ActiveCfg = Release|Win32
		{1744D923-382C-4BA1-B19E-F7AF44B9E00E}.Release|x86.Build.0 = Release|Win32
	EndGlobalSection
	GlobalSection(SolutionProperties) = preSolution
		HideSolutionNode = FALSE
	EndGlobalSection
	GlobalSection(ExtensibilityGlobals) = postSolution
		SolutionGuid = {040A6E38-485A-42BB-9B62-91B008714AD8}
	EndGlobalSection
EndGlobal
